
Microsoft Visual Studio Solution File, Format Version 12.00
# Visual Studio 14
VisualStudioVersion = 14.0.25420.1
MinimumVisualStudioVersion = 10.0.40219.1
Project("{FAE04EC0-301F-11D3-BF4B-00C04F79EFBC}") = "Gmich.Cedrus", "Gmich.Cedrus\Gmich.Cedrus.csproj", "{F3FB29B2-201B-4697-B366-BD5FA6633B84}"
EndProject
Project("{FAE04EC0-301F-11D3-BF4B-00C04F79EFBC}") = "Gmich.Cedrus.Weaving", "Gmich.Cedrus.Weaving\Gmich.Cedrus.Weaving.csproj", "{DDE9C6F2-5AD4-473F-8CC2-D89427AEDEE9}"
EndProject
Project("{2150E333-8FDC-42A3-9474-1A3956D46DE8}") = "Tests", "Tests", "{72005E8B-BA61-489B-BF61-4FC12127294C}"
EndProject
Project("{FAE04EC0-301F-11D3-BF4B-00C04F79EFBC}") = "Gmich.Cedrus.Playground", "Gmich.Cedrus.Playground\Gmich.Cedrus.Playground.csproj", "{D16BB4B1-3937-4FD0-85AE-B039DA9146AB}"
EndProject
Global
	GlobalSection(SolutionConfigurationPlatforms) = preSolution
		Debug|Any CPU = Debug|Any CPU
		Debug|x86 = Debug|x86
		Release|Any CPU = Release|Any CPU
		Release|x86 = Release|x86
	EndGlobalSection
	GlobalSection(ProjectConfigurationPlatforms) = postSolution
		{F3FB29B2-201B-4697-B366-BD5FA6633B84}.Debug|Any CPU.ActiveCfg = Debug|Any CPU
		{F3FB29B2-201B-4697-B366-BD5FA6633B84}.Debug|Any CPU.Build.0 = Debug|Any CPU
		{F3FB29B2-201B-4697-B366-BD5FA6633B84}.Debug|x86.ActiveCfg = Debug|Any CPU
		{F3FB29B2-201B-4697-B366-BD5FA6633B84}.Debug|x86.Build.0 = Debug|Any CPU
		{F3FB29B2-201B-4697-B366-BD5FA6633B84}.Release|Any CPU.ActiveCfg = Release|Any CPU
		{F3FB29B2-201B-4697-B366-BD5FA6633B84}.Release|Any CPU.Build.0 = Release|Any CPU
		{F3FB29B2-201B-4697-B366-BD5FA6633B84}.Release|x86.ActiveCfg = Release|Any CPU
		{F3FB29B2-201B-4697-B366-BD5FA6633B84}.Release|x86.Build.0 = Release|Any CPU
		{DDE9C6F2-5AD4-473F-8CC2-D89427AEDEE9}.Debug|Any CPU.ActiveCfg = Debug|Any CPU
		{DDE9C6F2-5AD4-473F-8CC2-D89427AEDEE9}.Debug|Any CPU.Build.0 = Debug|Any CPU
		{DDE9C6F2-5AD4-473F-8CC2-D89427AEDEE9}.Debug|x86.ActiveCfg = Debug|Any CPU
		{DDE9C6F2-5AD4-473F-8CC2-D89427AEDEE9}.Debug|x86.Build.0 = Debug|Any CPU
		{DDE9C6F2-5AD4-473F-8CC2-D89427AEDEE9}.Release|Any CPU.ActiveCfg = Release|Any CPU
		{DDE9C6F2-5AD4-473F-8CC2-D89427AEDEE9}.Release|Any CPU.Build.0 = Release|Any CPU
		{DDE9C6F2-5AD4-473F-8CC2-D89427AEDEE9}.Release|x86.ActiveCfg = Release|Any CPU
		{DDE9C6F2-5AD4-473F-8CC2-D89427AEDEE9}.Release|x86.Build.0 = Release|Any CPU
		{D16BB4B1-3937-4FD0-85AE-B039DA9146AB}.Debug|Any CPU.ActiveCfg = Debug|x86
		{D16BB4B1-3937-4FD0-85AE-B039DA9146AB}.Debug|x86.ActiveCfg = Debug|x86
		{D16BB4B1-3937-4FD0-85AE-B039DA9146AB}.Debug|x86.Build.0 = Debug|x86
		{D16BB4B1-3937-4FD0-85AE-B039DA9146AB}.Release|Any CPU.ActiveCfg = Release|x86
		{D16BB4B1-3937-4FD0-85AE-B039DA9146AB}.Release|x86.ActiveCfg = Release|x86
		{D16BB4B1-3937-4FD0-85AE-B039DA9146AB}.Release|x86.Build.0 = Release|x86
	EndGlobalSection
	GlobalSection(SolutionProperties) = preSolution
		HideSolutionNode = FALSE
	EndGlobalSection
	GlobalSection(NestedProjects) = preSolution
		{D16BB4B1-3937-4FD0-85AE-B039DA9146AB} = {72005E8B-BA61-489B-BF61-4FC12127294C}
	EndGlobalSection
EndGlobal
