
Microsoft Visual Studio Solution File, Format Version 12.00
# Visual Studio 14
VisualStudioVersion = 14.0.25420.1
MinimumVisualStudioVersion = 10.0.40219.1
Project("{FAE04EC0-301F-11D3-BF4B-00C04F79EFBC}") = "Gmich.Cedrus", "Gmich.Cedrus\Gmich.Cedrus.csproj", "{F3FB29B2-201B-4697-B366-BD5FA6633B84}"
EndProject
Project("{FAE04EC0-301F-11D3-BF4B-00C04F79EFBC}") = "Gmich.Cedrus.Weaving", "Gmich.Cedrus.Weaving\Gmich.Cedrus.Weaving.csproj", "{DDE9C6F2-5AD4-473F-8CC2-D89427AEDEE9}"
EndProject
Global
	GlobalSection(SolutionConfigurationPlatforms) = preSolution
		Debug|Any CPU = Debug|Any CPU
		Release|Any CPU = Release|Any CPU
	EndGlobalSection
	GlobalSection(ProjectConfigurationPlatforms) = postSolution
		{F3FB29B2-201B-4697-B366-BD5FA6633B84}.Debug|Any CPU.ActiveCfg = Debug|Any CPU
		{F3FB29B2-201B-4697-B366-BD5FA6633B84}.Debug|Any CPU.Build.0 = Debug|Any CPU
		{F3FB29B2-201B-4697-B366-BD5FA6633B84}.Release|Any CPU.ActiveCfg = Release|Any CPU
		{F3FB29B2-201B-4697-B366-BD5FA6633B84}.Release|Any CPU.Build.0 = Release|Any CPU
		{DDE9C6F2-5AD4-473F-8CC2-D89427AEDEE9}.Debug|Any CPU.ActiveCfg = Debug|Any CPU
		{DDE9C6F2-5AD4-473F-8CC2-D89427AEDEE9}.Debug|Any CPU.Build.0 = Debug|Any CPU
		{DDE9C6F2-5AD4-473F-8CC2-D89427AEDEE9}.Release|Any CPU.ActiveCfg = Release|Any CPU
		{DDE9C6F2-5AD4-473F-8CC2-D89427AEDEE9}.Release|Any CPU.Build.0 = Release|Any CPU
	EndGlobalSection
	GlobalSection(SolutionProperties) = preSolution
		HideSolutionNode = FALSE
	EndGlobalSection
EndGlobal
